
Microsoft Visual Studio Solution File, Format Version 12.00
# Visual Studio Version 17
VisualStudioVersion = 17.3.32804.467
MinimumVisualStudioVersion = 10.0.40219.1
Project("{FAE04EC0-301F-11D3-BF4B-00C04F79EFBC}") = "SegundoProjeto", "SegundoProjeto\SegundoProjeto.csproj", "{FF21250D-123C-4781-A528-449C8E12626C}"
EndProject
Global
	GlobalSection(SolutionConfigurationPlatforms) = preSolution
		Debug|Any CPU = Debug|Any CPU
		Release|Any CPU = Release|Any CPU
	EndGlobalSection
	GlobalSection(ProjectConfigurationPlatforms) = postSolution
		{FF21250D-123C-4781-A528-449C8E12626C}.Debug|Any CPU.ActiveCfg = Debug|Any CPU
		{FF21250D-123C-4781-A528-449C8E12626C}.Debug|Any CPU.Build.0 = Debug|Any CPU
		{FF21250D-123C-4781-A528-449C8E12626C}.Release|Any CPU.ActiveCfg = Release|Any CPU
		{FF21250D-123C-4781-A528-449C8E12626C}.Release|Any CPU.Build.0 = Release|Any CPU
	EndGlobalSection
	GlobalSection(SolutionProperties) = preSolution
		HideSolutionNode = FALSE
	EndGlobalSection
	GlobalSection(ExtensibilityGlobals) = postSolution
		SolutionGuid = {F9905DC7-5574-4A62-95DA-5D69803AEF35}
	EndGlobalSection
EndGlobal
