
Microsoft Visual Studio Solution File, Format Version 12.00
# Visual Studio Version 17
VisualStudioVersion = 17.3.32929.385
MinimumVisualStudioVersion = 10.0.40219.1
Project("{FAE04EC0-301F-11D3-BF4B-00C04F79EFBC}") = "NpcManager", "NpcManager\NpcManager.csproj", "{E0A182D8-5E87-44FD-9EEC-E0867A683036}"
EndProject
Global
	GlobalSection(SolutionConfigurationPlatforms) = preSolution
		Debug|Any CPU = Debug|Any CPU
		Release|Any CPU = Release|Any CPU
	EndGlobalSection
	GlobalSection(ProjectConfigurationPlatforms) = postSolution
		{E0A182D8-5E87-44FD-9EEC-E0867A683036}.Debug|Any CPU.ActiveCfg = Debug|Any CPU
		{E0A182D8-5E87-44FD-9EEC-E0867A683036}.Debug|Any CPU.Build.0 = Debug|Any CPU
		{E0A182D8-5E87-44FD-9EEC-E0867A683036}.Release|Any CPU.ActiveCfg = Release|Any CPU
		{E0A182D8-5E87-44FD-9EEC-E0867A683036}.Release|Any CPU.Build.0 = Release|Any CPU
	EndGlobalSection
	GlobalSection(SolutionProperties) = preSolution
		HideSolutionNode = FALSE
	EndGlobalSection
	GlobalSection(ExtensibilityGlobals) = postSolution
		SolutionGuid = {F4E78D45-6AF1-4475-9384-331D2E765404}
	EndGlobalSection
EndGlobal
